
Microsoft Visual Studio Solution File, Format Version 12.00
# Visual Studio Version 17
VisualStudioVersion = 17.7.34003.232
MinimumVisualStudioVersion = 10.0.40219.1
Project("{FAE04EC0-301F-11D3-BF4B-00C04F79EFBC}") = "DataProtection.Web", "DataProtection.Web\DataProtection.Web.csproj", "{EB21773C-4ED4-4819-B064-3D7F84C60A8E}"
EndProject
Project("{FAE04EC0-301F-11D3-BF4B-00C04F79EFBC}") = "SecretProtection.Web", "SecretProtection.Web\SecretProtection.Web.csproj", "{C9D18FE8-6482-432C-B4A3-07F81F3F2246}"
EndProject
Global
	GlobalSection(SolutionConfigurationPlatforms) = preSolution
		Debug|Any CPU = Debug|Any CPU
		Release|Any CPU = Release|Any CPU
	EndGlobalSection
	GlobalSection(ProjectConfigurationPlatforms) = postSolution
		{EB21773C-4ED4-4819-B064-3D7F84C60A8E}.Debug|Any CPU.ActiveCfg = Debug|Any CPU
		{EB21773C-4ED4-4819-B064-3D7F84C60A8E}.Debug|Any CPU.Build.0 = Debug|Any CPU
		{EB21773C-4ED4-4819-B064-3D7F84C60A8E}.Release|Any CPU.ActiveCfg = Release|Any CPU
		{EB21773C-4ED4-4819-B064-3D7F84C60A8E}.Release|Any CPU.Build.0 = Release|Any CPU
		{C9D18FE8-6482-432C-B4A3-07F81F3F2246}.Debug|Any CPU.ActiveCfg = Debug|Any CPU
		{C9D18FE8-6482-432C-B4A3-07F81F3F2246}.Debug|Any CPU.Build.0 = Debug|Any CPU
		{C9D18FE8-6482-432C-B4A3-07F81F3F2246}.Release|Any CPU.ActiveCfg = Release|Any CPU
		{C9D18FE8-6482-432C-B4A3-07F81F3F2246}.Release|Any CPU.Build.0 = Release|Any CPU
	EndGlobalSection
	GlobalSection(SolutionProperties) = preSolution
		HideSolutionNode = FALSE
	EndGlobalSection
	GlobalSection(ExtensibilityGlobals) = postSolution
		SolutionGuid = {83D36BDA-46F6-4D1C-8E88-85A43524AB88}
	EndGlobalSection
EndGlobal
